
Microsoft Visual Studio Solution File, Format Version 12.00
# Visual Studio Version 17
VisualStudioVersion = 17.3.32922.545
MinimumVisualStudioVersion = 10.0.40219.1
Project("{FAE04EC0-301F-11D3-BF4B-00C04F79EFBC}") = "Katalog", "Katalog.csproj", "{32F147E6-F633-4AB6-B4A1-B35D0FF4AC3D}"
EndProject
Global
	GlobalSection(SolutionConfigurationPlatforms) = preSolution
		Debug|Any CPU = Debug|Any CPU
		Release|Any CPU = Release|Any CPU
	EndGlobalSection
	GlobalSection(ProjectConfigurationPlatforms) = postSolution
		{32F147E6-F633-4AB6-B4A1-B35D0FF4AC3D}.Debug|Any CPU.ActiveCfg = Debug|Any CPU
		{32F147E6-F633-4AB6-B4A1-B35D0FF4AC3D}.Debug|Any CPU.Build.0 = Debug|Any CPU
		{32F147E6-F633-4AB6-B4A1-B35D0FF4AC3D}.Release|Any CPU.ActiveCfg = Release|Any CPU
		{32F147E6-F633-4AB6-B4A1-B35D0FF4AC3D}.Release|Any CPU.Build.0 = Release|Any CPU
	EndGlobalSection
	GlobalSection(SolutionProperties) = preSolution
		HideSolutionNode = FALSE
	EndGlobalSection
	GlobalSection(ExtensibilityGlobals) = postSolution
		SolutionGuid = {2C54D555-3A12-4DA7-B9FD-8D4FAC89DF07}
	EndGlobalSection
EndGlobal
